
Microsoft Visual Studio Solution File, Format Version 12.00
# Visual Studio Version 16
VisualStudioVersion = 16.0.30717.126
MinimumVisualStudioVersion = 10.0.40219.1
Project("{FAE04EC0-301F-11D3-BF4B-00C04F79EFBC}") = "WebApiTests", "WebApiTests.csproj", "{E43CC285-0EC2-4491-A0EA-8F9C90E387E5}"
EndProject
Global
	GlobalSection(SolutionConfigurationPlatforms) = preSolution
		Debug|Any CPU = Debug|Any CPU
		Release|Any CPU = Release|Any CPU
	EndGlobalSection
	GlobalSection(ProjectConfigurationPlatforms) = postSolution
		{E43CC285-0EC2-4491-A0EA-8F9C90E387E5}.Debug|Any CPU.ActiveCfg = Debug|Any CPU
		{E43CC285-0EC2-4491-A0EA-8F9C90E387E5}.Debug|Any CPU.Build.0 = Debug|Any CPU
		{E43CC285-0EC2-4491-A0EA-8F9C90E387E5}.Release|Any CPU.ActiveCfg = Release|Any CPU
		{E43CC285-0EC2-4491-A0EA-8F9C90E387E5}.Release|Any CPU.Build.0 = Release|Any CPU
	EndGlobalSection
	GlobalSection(SolutionProperties) = preSolution
		HideSolutionNode = FALSE
	EndGlobalSection
	GlobalSection(ExtensibilityGlobals) = postSolution
		SolutionGuid = {B7DBAFEE-4F06-4E93-98EB-976755DC3178}
	EndGlobalSection
EndGlobal
